{
  "requires": true,
  "lockfileVersion": 1,
  "dependencies": {
    "artillery-plugin-metrics-by-endpoint": {
      "version": "git+https://github.com/preguica/artillery-plugin-metrics-by-endpoint.git#03961ca4eb20dcc3c1fccfb352edc6f560445f2b",
      "from": "git+https://github.com/preguica/artillery-plugin-metrics-by-endpoint.git"
    },
    "faker": {
      "version": "5.1.0",
      "resolved": "https://registry.npmjs.org/faker/-/faker-5.1.0.tgz",
      "integrity": "sha512-RrWKFSSA/aNLP0g3o2WW1Zez7/MnMr7xkiZmoCfAGZmdkDQZ6l2KtuXHN5XjdvpRjDl8+3vf+Rrtl06Z352+Mw=="
    },
    "node-fetch": {
      "version": "2.6.1",
      "resolved": "https://registry.npmjs.org/node-fetch/-/node-fetch-2.6.1.tgz",
      "integrity": "sha512-V4aYg89jEoVRxRb2fJdAg8FHvI7cEyYdVAh94HH0UIK8oJxUfkjlDQN9RbMx+bEjP7+ggMiFRprSti032Oipxw=="
    }
  }
}
